
Microsoft Visual Studio Solution File, Format Version 12.00
# Visual Studio Version 17
VisualStudioVersion = 17.14.36915.13 d17.14
MinimumVisualStudioVersion = 10.0.40219.1
Project("{FAE04EC0-301F-11D3-BF4B-00C04F79EFBC}") = "HelloWorld", "HelloWorld.csproj", "{BA487487-91DB-4FDC-B543-36DB2E4C554D}"
EndProject
Global
	GlobalSection(SolutionConfigurationPlatforms) = preSolution
		Debug|Any CPU = Debug|Any CPU
		Release|Any CPU = Release|Any CPU
	EndGlobalSection
	GlobalSection(ProjectConfigurationPlatforms) = postSolution
		{BA487487-91DB-4FDC-B543-36DB2E4C554D}.Debug|Any CPU.ActiveCfg = Debug|Any CPU
		{BA487487-91DB-4FDC-B543-36DB2E4C554D}.Debug|Any CPU.Build.0 = Debug|Any CPU
		{BA487487-91DB-4FDC-B543-36DB2E4C554D}.Release|Any CPU.ActiveCfg = Release|Any CPU
		{BA487487-91DB-4FDC-B543-36DB2E4C554D}.Release|Any CPU.Build.0 = Release|Any CPU
	EndGlobalSection
	GlobalSection(SolutionProperties) = preSolution
		HideSolutionNode = FALSE
	EndGlobalSection
	GlobalSection(ExtensibilityGlobals) = postSolution
		SolutionGuid = {EA83B97F-0B16-4BF0-A626-B7F55A6E9359}
	EndGlobalSection
EndGlobal
