
Microsoft Visual Studio Solution File, Format Version 12.00
# Visual Studio Version 17
VisualStudioVersion = 17.14.36915.13 d17.14
MinimumVisualStudioVersion = 10.0.40219.1
Project("{FAE04EC0-301F-11D3-BF4B-00C04F79EFBC}") = "Bai2", "Bai2.csproj", "{07CD672E-878C-4139-B513-D98EB38B841B}"
EndProject
Global
	GlobalSection(SolutionConfigurationPlatforms) = preSolution
		Debug|Any CPU = Debug|Any CPU
		Release|Any CPU = Release|Any CPU
	EndGlobalSection
	GlobalSection(ProjectConfigurationPlatforms) = postSolution
		{07CD672E-878C-4139-B513-D98EB38B841B}.Debug|Any CPU.ActiveCfg = Debug|Any CPU
		{07CD672E-878C-4139-B513-D98EB38B841B}.Debug|Any CPU.Build.0 = Debug|Any CPU
		{07CD672E-878C-4139-B513-D98EB38B841B}.Release|Any CPU.ActiveCfg = Release|Any CPU
		{07CD672E-878C-4139-B513-D98EB38B841B}.Release|Any CPU.Build.0 = Release|Any CPU
	EndGlobalSection
	GlobalSection(SolutionProperties) = preSolution
		HideSolutionNode = FALSE
	EndGlobalSection
	GlobalSection(ExtensibilityGlobals) = postSolution
		SolutionGuid = {AC27781A-1FCE-46E4-AFBD-D2AD9647E82A}
	EndGlobalSection
EndGlobal
