
Microsoft Visual Studio Solution File, Format Version 12.00
# Visual Studio Version 17
VisualStudioVersion = 17.14.36915.13 d17.14
MinimumVisualStudioVersion = 10.0.40219.1
Project("{FAE04EC0-301F-11D3-BF4B-00C04F79EFBC}") = "Bai1", "Bai1.csproj", "{ACFE112E-CA49-44CA-B36B-1C384B3C0FB0}"
EndProject
Global
	GlobalSection(SolutionConfigurationPlatforms) = preSolution
		Debug|Any CPU = Debug|Any CPU
		Release|Any CPU = Release|Any CPU
	EndGlobalSection
	GlobalSection(ProjectConfigurationPlatforms) = postSolution
		{ACFE112E-CA49-44CA-B36B-1C384B3C0FB0}.Debug|Any CPU.ActiveCfg = Debug|Any CPU
		{ACFE112E-CA49-44CA-B36B-1C384B3C0FB0}.Debug|Any CPU.Build.0 = Debug|Any CPU
		{ACFE112E-CA49-44CA-B36B-1C384B3C0FB0}.Release|Any CPU.ActiveCfg = Release|Any CPU
		{ACFE112E-CA49-44CA-B36B-1C384B3C0FB0}.Release|Any CPU.Build.0 = Release|Any CPU
	EndGlobalSection
	GlobalSection(SolutionProperties) = preSolution
		HideSolutionNode = FALSE
	EndGlobalSection
	GlobalSection(ExtensibilityGlobals) = postSolution
		SolutionGuid = {60AC2B11-D7F1-480D-9CD9-A5B19BE65A92}
	EndGlobalSection
EndGlobal
